
Microsoft Visual Studio Solution File, Format Version 12.00
# Visual Studio Version 17
VisualStudioVersion = 17.9.34723.18
MinimumVisualStudioVersion = 10.0.40219.1
Project("{FAE04EC0-301F-11D3-BF4B-00C04F79EFBC}") = "bk-ap-lista02", "bk-ap-lista02\bk-ap-lista02.csproj", "{AC28783A-4B0F-4D6E-ACA7-164E293ECAB6}"
EndProject
Global
	GlobalSection(SolutionConfigurationPlatforms) = preSolution
		Debug|Any CPU = Debug|Any CPU
		Release|Any CPU = Release|Any CPU
	EndGlobalSection
	GlobalSection(ProjectConfigurationPlatforms) = postSolution
		{AC28783A-4B0F-4D6E-ACA7-164E293ECAB6}.Debug|Any CPU.ActiveCfg = Debug|Any CPU
		{AC28783A-4B0F-4D6E-ACA7-164E293ECAB6}.Debug|Any CPU.Build.0 = Debug|Any CPU
		{AC28783A-4B0F-4D6E-ACA7-164E293ECAB6}.Release|Any CPU.ActiveCfg = Release|Any CPU
		{AC28783A-4B0F-4D6E-ACA7-164E293ECAB6}.Release|Any CPU.Build.0 = Release|Any CPU
	EndGlobalSection
	GlobalSection(SolutionProperties) = preSolution
		HideSolutionNode = FALSE
	EndGlobalSection
	GlobalSection(ExtensibilityGlobals) = postSolution
		SolutionGuid = {B1B61A55-E693-4E61-A921-85012A505BC2}
	EndGlobalSection
EndGlobal
